PODS:
  - Alamofire (4.3.0)
  - Charts (3.0.1):
    - Charts/Core (= 3.0.1)
  - Charts/Core (3.0.1)
  - FSCalendar (2.7.4)
  - IQKeyboardManagerSwift (4.0.8)
  - LGSideMenuController (2.0.5)
  - MWFeedParser/NSString+HTML (1.0.1)
  - ObjectMapper (2.2.5)
  - PureLayout (3.0.2)
  - Realm (2.1.2):
    - Realm/Headers (= 2.1.2)
  - Realm/Headers (2.1.2)
  - RealmS (2.1.0):
    - ObjectMapper (~> 2.2.0)
    - RealmSwift (~> 2.1.0)
  - RealmSwift (2.1.2):
    - Realm (= 2.1.2)
  - SAMKeychain (1.5.2)
  - SVProgressHUD (2.1.2)
  - SwiftDate (4.0.13)
  - SwiftLint (0.16.1)
  - SwiftUtils (2.1.1)
  - SwiftyJSON (3.1.4)
  - XCGLogger (4.0.0):
    - XCGLogger/Core (= 4.0.0)
  - XCGLogger/Core (4.0.0)

DEPENDENCIES:
  - Alamofire (~> 4.3.0)
  - Charts (~> 3.0.1)
  - FSCalendar (~> 2.7.4)
  - IQKeyboardManagerSwift (~> 4.0.8)
  - LGSideMenuController (~> 2.0.5)
  - MWFeedParser/NSString+HTML (~> 1.0.1)
  - PureLayout (~> 3.0.2)
  - RealmS (~> 2.1.0)
  - SAMKeychain (~> 1.5.1)
  - SVProgressHUD (~> 2.1.2)
  - SwiftDate (~> 4.0)
  - SwiftLint (~> 0.16.1)
  - SwiftUtils (~> 2.1.1)
  - SwiftyJSON (~> 3.1.4)
  - XCGLogger (~> 4.0)

SPEC CHECKSUMS:
  Alamofire: 856a113053a7bc9cbe5d6367a555d773fc5cfef7
  Charts: 0e84f4418e87dad6a9edde221fba37ebb51d3ba7
  FSCalendar: e95995a746acae531c4a7dd636b8393233125ec5
  IQKeyboardManagerSwift: c04bc9f68473823f825eb44d958fce98d921bead
  LGSideMenuController: 3cc82025a53b672926d3ffb3f428f4f3e15e3349
  MWFeedParser: 2cf646014c1baf6ad1b08c480b40a08180079247
  ObjectMapper: fb30f71e08470d1e5a20b199fafe1246281db898
  PureLayout: 4d550abe49a94f24c2808b9b95db9131685fe4cd
  Realm: efe855f4d977c8ce5a82d3116d9f1ff155a6550c
  RealmS: 296996d4a410494f9d584492e7ec8e1061842315
  RealmSwift: 17d6ee30b6f9df86364408c2197492e33bfea567
  SAMKeychain: 1865333198217411f35327e8da61b43de79b635b
  SVProgressHUD: c404a55d78acbeb7ebb78b76d3faf986475a6994
  SwiftDate: 8ec416bb1b5129d1f35e8efaed720421f41d42df
  SwiftLint: b8b683208cc09640898f16318a7a452274e91f61
  SwiftUtils: 3f79be4fec34ac8b7c95d2ec15c9feebe81f1fc1
  SwiftyJSON: c2842d878f95482ffceec5709abc3d05680c0220
  XCGLogger: 38063ea89b4c8b23232d18efd2e12eb0005f3ea4

PODFILE CHECKSUM: 639486b25f7e66cef96795e5eae34696836f078c

COCOAPODS: 1.2.0
