// !$*UTF8*$!
{
	archiveVersion = 1;
	classes = {
	};
	objectVersion = 46;
	objects = {

/* Begin PBXBuildFile section */
		82DD737526B668AC2735D9DF /* Pods_FoodAndFitness.framework in Frameworks */ = {isa = PBXBuildFile; fileRef = 2CC2C5A9C9A5C9BBFE5E0265 /* Pods_FoodAndFitness.framework */; };
		991C34D31E9600D800FABEDE /* ProgressCell.swift in Sources */ = {isa = PBXBuildFile; fileRef = 991C34D11E9600D800FABEDE /* ProgressCell.swift */; };
		991C34D41E9600D800FABEDE /* ProgressCell.xib in Resources */ = {isa = PBXBuildFile; fileRef = 991C34D21E9600D800FABEDE /* ProgressCell.xib */; };
		991C34D81E9646C400FABEDE /* NextButtonCell.swift in Sources */ = {isa = PBXBuildFile; fileRef = 991C34D61E9646C400FABEDE /* NextButtonCell.swift */; };
		991C34D91E9646C400FABEDE /* NextButtonCell.xib in Resources */ = {isa = PBXBuildFile; fileRef = 991C34D71E9646C400FABEDE /* NextButtonCell.xib */; };
		992DA8AE1E8A0EF9002A194C /* BaseTableViewCell.swift in Sources */ = {isa = PBXBuildFile; fileRef = 992DA8A71E8A0EF8002A194C /* BaseTableViewCell.swift */; };
		992DA8AF1E8A0EF9002A194C /* BaseViewController.swift in Sources */ = {isa = PBXBuildFile; fileRef = 992DA8A91E8A0EF8002A194C /* BaseViewController.swift */; };
		992DA8B01E8A0EF9002A194C /* PopupViewController.swift in Sources */ = {isa = PBXBuildFile; fileRef = 992DA8AB1E8A0EF9002A194C /* PopupViewController.swift */; };
		992DA8B11E8A0EF9002A194C /* RootSideMenuViewController.swift in Sources */ = {isa = PBXBuildFile; fileRef = 992DA8AD1E8A0EF9002A194C /* RootSideMenuViewController.swift */; };
		992DA8C01E8A1DA6002A194C /* NutritionViewController.swift in Sources */ = {isa = PBXBuildFile; fileRef = 992DA8BC1E8A1DA6002A194C /* NutritionViewController.swift */; };
		992DA8C11E8A1DA6002A194C /* NutritionViewController.xib in Resources */ = {isa = PBXBuildFile; fileRef = 992DA8BD1E8A1DA6002A194C /* NutritionViewController.xib */; };
		992DA8C91E8A1DB0002A194C /* AddFitnessViewController.swift in Sources */ = {isa = PBXBuildFile; fileRef = 992DA8C31E8A1DB0002A194C /* AddFitnessViewController.swift */; };
		992DA8CA1E8A1DB0002A194C /* AddFitnessViewController.xib in Resources */ = {isa = PBXBuildFile; fileRef = 992DA8C41E8A1DB0002A194C /* AddFitnessViewController.xib */; };
		992DA8CB1E8A1DB0002A194C /* FitnessViewController.swift in Sources */ = {isa = PBXBuildFile; fileRef = 992DA8C71E8A1DB0002A194C /* FitnessViewController.swift */; };
		992DA8CC1E8A1DB0002A194C /* FitnessViewController.xib in Resources */ = {isa = PBXBuildFile; fileRef = 992DA8C81E8A1DB0002A194C /* FitnessViewController.xib */; };
		992DA8CF1E8A1DFD002A194C /* AddNutritionViewController.swift in Sources */ = {isa = PBXBuildFile; fileRef = 992DA8CD1E8A1DFD002A194C /* AddNutritionViewController.swift */; };
		992DA8D01E8A1DFD002A194C /* AddNutritionViewController.xib in Resources */ = {isa = PBXBuildFile; fileRef = 992DA8CE1E8A1DFD002A194C /* AddNutritionViewController.xib */; };
		992DA8D51E8A1EB2002A194C /* FitnessAnalysisController.swift in Sources */ = {isa = PBXBuildFile; fileRef = 992DA8D31E8A1EB2002A194C /* FitnessAnalysisController.swift */; };
		992DA8D61E8A1EB2002A194C /* FitnessAnalysisController.xib in Resources */ = {isa = PBXBuildFile; fileRef = 992DA8D41E8A1EB2002A194C /* FitnessAnalysisController.xib */; };
		992DA8D91E8A1F1D002A194C /* FitnessHistoryController.swift in Sources */ = {isa = PBXBuildFile; fileRef = 992DA8D71E8A1F1D002A194C /* FitnessHistoryController.swift */; };
		992DA8DA1E8A1F1D002A194C /* FitnessHistoryController.xib in Resources */ = {isa = PBXBuildFile; fileRef = 992DA8D81E8A1F1D002A194C /* FitnessHistoryController.xib */; };
		992DA8DD1E8A1F3B002A194C /* NutritionAnalysisController.swift in Sources */ = {isa = PBXBuildFile; fileRef = 992DA8DB1E8A1F3B002A194C /* NutritionAnalysisController.swift */; };
		992DA8DE1E8A1F3B002A194C /* NutritionAnalysisController.xib in Resources */ = {isa = PBXBuildFile; fileRef = 992DA8DC1E8A1F3B002A194C /* NutritionAnalysisController.xib */; };
		992DA8E11E8A1F58002A194C /* NutritionHistoryController.swift in Sources */ = {isa = PBXBuildFile; fileRef = 992DA8DF1E8A1F58002A194C /* NutritionHistoryController.swift */; };
		992DA8E21E8A1F58002A194C /* NutritionHistoryController.xib in Resources */ = {isa = PBXBuildFile; fileRef = 992DA8E01E8A1F58002A194C /* NutritionHistoryController.xib */; };
		993404DE1E838306009A445F /* UserProfileCell.swift in Sources */ = {isa = PBXBuildFile; fileRef = 993404DC1E838306009A445F /* UserProfileCell.swift */; };
		993404DF1E838306009A445F /* UserProfileCell.xib in Resources */ = {isa = PBXBuildFile; fileRef = 993404DD1E838306009A445F /* UserProfileCell.xib */; };
		993404E41E83849D009A445F /* View.swift in Sources */ = {isa = PBXBuildFile; fileRef = 993404E31E83849D009A445F /* View.swift */; };
		993404F11E83C41B009A445F /* AnalysisViewController.swift in Sources */ = {isa = PBXBuildFile; fileRef = 993404EF1E83C41B009A445F /* AnalysisViewController.swift */; };
		993404F21E83C41B009A445F /* AnalysisViewController.xib in Resources */ = {isa = PBXBuildFile; fileRef = 993404F01E83C41B009A445F /* AnalysisViewController.xib */; };
		993404F91E83C44E009A445F /* HistoryViewController.swift in Sources */ = {isa = PBXBuildFile; fileRef = 993404F71E83C44E009A445F /* HistoryViewController.swift */; };
		993404FA1E83C44E009A445F /* HistoryViewController.xib in Resources */ = {isa = PBXBuildFile; fileRef = 993404F81E83C44E009A445F /* HistoryViewController.xib */; };
		993404FD1E83C45D009A445F /* InformationViewController.swift in Sources */ = {isa = PBXBuildFile; fileRef = 993404FB1E83C45D009A445F /* InformationViewController.swift */; };
		993404FE1E83C45D009A445F /* InformationViewController.xib in Resources */ = {isa = PBXBuildFile; fileRef = 993404FC1E83C45D009A445F /* InformationViewController.xib */; };
		993405011E83C46D009A445F /* ProfileViewController.swift in Sources */ = {isa = PBXBuildFile; fileRef = 993404FF1E83C46D009A445F /* ProfileViewController.swift */; };
		993405021E83C46D009A445F /* ProfileViewController.xib in Resources */ = {isa = PBXBuildFile; fileRef = 993405001E83C46D009A445F /* ProfileViewController.xib */; };
		99501FFA1E8AC5010051227F /* CircleProgressView.swift in Sources */ = {isa = PBXBuildFile; fileRef = 99501FF91E8AC5010051227F /* CircleProgressView.swift */; };
		9959E8781E8D6CEA005A8347 /* CalendarController.swift in Sources */ = {isa = PBXBuildFile; fileRef = 9959E8761E8D6CEA005A8347 /* CalendarController.swift */; };
		9959E8791E8D6CEA005A8347 /* CalendarController.xib in Resources */ = {isa = PBXBuildFile; fileRef = 9959E8771E8D6CEA005A8347 /* CalendarController.xib */; };
		99993E8C1E80B7430052372A /* SideMenuController.swift in Sources */ = {isa = PBXBuildFile; fileRef = 99993E8B1E80B7430052372A /* SideMenuController.swift */; };
		99993E8E1E80B7840052372A /* LeftSideViewController.swift in Sources */ = {isa = PBXBuildFile; fileRef = 99993E8D1E80B7840052372A /* LeftSideViewController.swift */; };
		999C402F1E94897C0059E870 /* SignInController.swift in Sources */ = {isa = PBXBuildFile; fileRef = 999C402D1E94897C0059E870 /* SignInController.swift */; };
		999C40301E94897C0059E870 /* SignInController.xib in Resources */ = {isa = PBXBuildFile; fileRef = 999C402E1E94897C0059E870 /* SignInController.xib */; };
		999C40331E9489A60059E870 /* SignUpController.swift in Sources */ = {isa = PBXBuildFile; fileRef = 999C40311E9489A60059E870 /* SignUpController.swift */; };
		999C40341E9489A60059E870 /* SignUpController.xib in Resources */ = {isa = PBXBuildFile; fileRef = 999C40321E9489A60059E870 /* SignUpController.xib */; };
		999C40371E948CEE0059E870 /* Mapper.swift in Sources */ = {isa = PBXBuildFile; fileRef = 999C40361E948CEE0059E870 /* Mapper.swift */; };
		999C40401E9497000059E870 /* TitleCell.swift in Sources */ = {isa = PBXBuildFile; fileRef = 999C403E1E9497000059E870 /* TitleCell.swift */; };
		999C40411E9497000059E870 /* TitleCell.xib in Resources */ = {isa = PBXBuildFile; fileRef = 999C403F1E9497000059E870 /* TitleCell.xib */; };
		999C40451E9497160059E870 /* AvatarCell.swift in Sources */ = {isa = PBXBuildFile; fileRef = 999C40431E9497160059E870 /* AvatarCell.swift */; };
		999C40461E9497160059E870 /* AvatarCell.xib in Resources */ = {isa = PBXBuildFile; fileRef = 999C40441E9497160059E870 /* AvatarCell.xib */; };
		999C404C1E94AD1C0059E870 /* InputCell.swift in Sources */ = {isa = PBXBuildFile; fileRef = 999C404A1E94AD1C0059E870 /* InputCell.swift */; };
		999C404D1E94AD1C0059E870 /* InputCell.xib in Resources */ = {isa = PBXBuildFile; fileRef = 999C404B1E94AD1C0059E870 /* InputCell.xib */; };
		999C40511E94D72F0059E870 /* RadioCell.swift in Sources */ = {isa = PBXBuildFile; fileRef = 999C404F1E94D72F0059E870 /* RadioCell.swift */; };
		999C40521E94D72F0059E870 /* RadioCell.xib in Resources */ = {isa = PBXBuildFile; fileRef = 999C40501E94D72F0059E870 /* RadioCell.xib */; };
		999C40541E94E3400059E870 /* UILabel.swift in Sources */ = {isa = PBXBuildFile; fileRef = 999C40531E94E3400059E870 /* UILabel.swift */; };
		999C40561E94E8AD0059E870 /* UITextField.swift in Sources */ = {isa = PBXBuildFile; fileRef = 999C40551E94E8AD0059E870 /* UITextField.swift */; };
		99AEA17A1E87A9B2000DA06F /* UIView.swift in Sources */ = {isa = PBXBuildFile; fileRef = 99AEA1791E87A9B2000DA06F /* UIView.swift */; };
		99AEA17F1E87B240000DA06F /* AddMenuViewController.swift in Sources */ = {isa = PBXBuildFile; fileRef = 99AEA17D1E87B240000DA06F /* AddMenuViewController.swift */; };
		99AEA1801E87B240000DA06F /* AddMenuViewController.xib in Resources */ = {isa = PBXBuildFile; fileRef = 99AEA17E1E87B240000DA06F /* AddMenuViewController.xib */; };
		99BF6F801E77F67D00FD743F /* AppDelegate.swift in Sources */ = {isa = PBXBuildFile; fileRef = 99BF6F4E1E77F67D00FD743F /* AppDelegate.swift */; };
		99BF6F841E77F67D00FD743F /* HomeViewController.swift in Sources */ = {isa = PBXBuildFile; fileRef = 99BF6F551E77F67D00FD743F /* HomeViewController.swift */; };
		99BF6F851E77F67D00FD743F /* HomeViewController.xib in Resources */ = {isa = PBXBuildFile; fileRef = 99BF6F561E77F67D00FD743F /* HomeViewController.xib */; };
		99BF6F861E77F67D00FD743F /* PaddingTextField.swift in Sources */ = {isa = PBXBuildFile; fileRef = 99BF6F591E77F67D00FD743F /* PaddingTextField.swift */; };
		99BF6F881E77F67D00FD743F /* ApiPath.swift in Sources */ = {isa = PBXBuildFile; fileRef = 99BF6F5C1E77F67D00FD743F /* ApiPath.swift */; };
		99BF6F891E77F67D00FD743F /* Colors.swift in Sources */ = {isa = PBXBuildFile; fileRef = 99BF6F5D1E77F67D00FD743F /* Colors.swift */; };
		99BF6F8A1E77F67D00FD743F /* Config.swift in Sources */ = {isa = PBXBuildFile; fileRef = 99BF6F5E1E77F67D00FD743F /* Config.swift */; };
		99BF6F8C1E77F67D00FD743F /* Strings.swift in Sources */ = {isa = PBXBuildFile; fileRef = 99BF6F601E77F67D00FD743F /* Strings.swift */; };
		99BF6F8E1E77F67D00FD743F /* UIViewController.swift in Sources */ = {isa = PBXBuildFile; fileRef = 99BF6F651E77F67D00FD743F /* UIViewController.swift */; };
		99BF6F8F1E77F67D00FD743F /* LaunchScreen.storyboard in Resources */ = {isa = PBXBuildFile; fileRef = 99BF6F671E77F67D00FD743F /* LaunchScreen.storyboard */; };
		99BF6F901E77F67D00FD743F /* AccessLibraryManager.swift in Sources */ = {isa = PBXBuildFile; fileRef = 99BF6F6A1E77F67D00FD743F /* AccessLibraryManager.swift */; };
		99BF6F911E77F67D00FD743F /* Cocoa.swift in Sources */ = {isa = PBXBuildFile; fileRef = 99BF6F6C1E77F67D00FD743F /* Cocoa.swift */; };
		99BF6F921E77F67D00FD743F /* SwiftDate.swift in Sources */ = {isa = PBXBuildFile; fileRef = 99BF6F6E1E77F67D00FD743F /* SwiftDate.swift */; };
		99BF6F931E77F67D00FD743F /* User.swift in Sources */ = {isa = PBXBuildFile; fileRef = 99BF6F721E77F67D00FD743F /* User.swift */; };
		99BF6F941E77F67D00FD743F /* UserProfile.swift in Sources */ = {isa = PBXBuildFile; fileRef = 99BF6F731E77F67D00FD743F /* UserProfile.swift */; };
		99BF6F951E77F67D00FD743F /* Assets.xcassets in Resources */ = {isa = PBXBuildFile; fileRef = 99BF6F751E77F67D00FD743F /* Assets.xcassets */; };
		99BF6F961E77F67D00FD743F /* ApiMananger.swift in Sources */ = {isa = PBXBuildFile; fileRef = 99BF6F791E77F67D00FD743F /* ApiMananger.swift */; };
		99BF6F971E77F67D00FD743F /* Error.swift in Sources */ = {isa = PBXBuildFile; fileRef = 99BF6F7A1E77F67D00FD743F /* Error.swift */; };
		99BF6F981E77F67D00FD743F /* RequestSerializer.swift in Sources */ = {isa = PBXBuildFile; fileRef = 99BF6F7B1E77F67D00FD743F /* RequestSerializer.swift */; };
		99BF6F991E77F67D00FD743F /* ResponseSerializer.swift in Sources */ = {isa = PBXBuildFile; fileRef = 99BF6F7C1E77F67D00FD743F /* ResponseSerializer.swift */; };
		99BF6F9A1E77F67D00FD743F /* Session.swift in Sources */ = {isa = PBXBuildFile; fileRef = 99BF6F7D1E77F67D00FD743F /* Session.swift */; };
		99CAFE7D1E9C767D00026CCE /* Optional.swift in Sources */ = {isa = PBXBuildFile; fileRef = 99CAFE7C1E9C767D00026CCE /* Optional.swift */; };
		99CC4CFD1E9AAA6F000EE59E /* ChooseActivesController.swift in Sources */ = {isa = PBXBuildFile; fileRef = 99CC4CFB1E9AAA6F000EE59E /* ChooseActivesController.swift */; };
		99CC4CFE1E9AAA6F000EE59E /* ChooseActivesController.xib in Resources */ = {isa = PBXBuildFile; fileRef = 99CC4CFC1E9AAA6F000EE59E /* ChooseActivesController.xib */; };
		99CC4D001E9AAD92000EE59E /* ChooseActivesViewModel.swift in Sources */ = {isa = PBXBuildFile; fileRef = 99CC4CFF1E9AAD92000EE59E /* ChooseActivesViewModel.swift */; };
		99CC4D021E9AAFAE000EE59E /* SignUpViewModel.swift in Sources */ = {isa = PBXBuildFile; fileRef = 99CC4D011E9AAFAE000EE59E /* SignUpViewModel.swift */; };
		99CC4D041E9AB05D000EE59E /* ChooseGoalsViewModel.swift in Sources */ = {isa = PBXBuildFile; fileRef = 99CC4D031E9AB05D000EE59E /* ChooseGoalsViewModel.swift */; };
		99D925221E99E1DB008150EE /* ChooseGoalsController.swift in Sources */ = {isa = PBXBuildFile; fileRef = 99D925201E99E1DB008150EE /* ChooseGoalsController.swift */; };
		99D925231E99E1DB008150EE /* ChooseGoalsController.xib in Resources */ = {isa = PBXBuildFile; fileRef = 99D925211E99E1DB008150EE /* ChooseGoalsController.xib */; };
		99D925271E99ED6A008150EE /* Goal.swift in Sources */ = {isa = PBXBuildFile; fileRef = 99D925261E99ED6A008150EE /* Goal.swift */; };
		99D925291E99F10E008150EE /* Active.swift in Sources */ = {isa = PBXBuildFile; fileRef = 99D925281E99F10E008150EE /* Active.swift */; };
		99D9252E1E99F880008150EE /* Food.swift in Sources */ = {isa = PBXBuildFile; fileRef = 99D9252D1E99F880008150EE /* Food.swift */; };
		99D925301E99F8F5008150EE /* Exercise.swift in Sources */ = {isa = PBXBuildFile; fileRef = 99D9252F1E99F8F5008150EE /* Exercise.swift */; };
		99D925321E99F980008150EE /* Activity.swift in Sources */ = {isa = PBXBuildFile; fileRef = 99D925311E99F980008150EE /* Activity.swift */; };
		99D925351E99FA26008150EE /* Location.swift in Sources */ = {isa = PBXBuildFile; fileRef = 99D925341E99FA26008150EE /* Location.swift */; };
		99D9253B1E99FE12008150EE /* UserExercise.swift in Sources */ = {isa = PBXBuildFile; fileRef = 99D9253A1E99FE12008150EE /* UserExercise.swift */; };
		99D9253D1E9A0504008150EE /* UserFood.swift in Sources */ = {isa = PBXBuildFile; fileRef = 99D9253C1E9A0504008150EE /* UserFood.swift */; };
		99E80FF61E88FC3C0093F0BF /* Date.swift in Sources */ = {isa = PBXBuildFile; fileRef = 99E80FF51E88FC3C0093F0BF /* Date.swift */; };
/* End PBXBuildFile section */

/* Begin PBXFileReference section */
		2CC2C5A9C9A5C9BBFE5E0265 /* Pods_FoodAndFitness.framework */ = {isa = PBXFileReference; explicitFileType = wrapper.framework; includeInIndex = 0; path = Pods_FoodAndFitness.framework; sourceTree = BUILT_PRODUCTS_DIR; };
		414B90741E59EF7A2149478D /* Pods-FoodAndFitness.release.xcconfig */ = {isa = PBXFileReference; includeInIndex = 1; lastKnownFileType = text.xcconfig; name = "Pods-FoodAndFitness.release.xcconfig"; path = "Pods/Target Support Files/Pods-FoodAndFitness/Pods-FoodAndFitness.release.xcconfig"; sourceTree = "<group>"; };
		55C6C2C4F08C322327521329 /* Pods-FoodAndFitness.debug.xcconfig */ = {isa = PBXFileReference; includeInIndex = 1; lastKnownFileType = text.xcconfig; name = "Pods-FoodAndFitness.debug.xcconfig"; path = "Pods/Target Support Files/Pods-FoodAndFitness/Pods-FoodAndFitness.debug.xcconfig"; sourceTree = "<group>"; };
		991C34D11E9600D800FABEDE /* ProgressCell.swift */ = {isa = PBXFileReference; fileEncoding = 4; lastKnownFileType = sourcecode.swift; path = ProgressCell.swift; sourceTree = "<group>"; };
		991C34D21E9600D800FABEDE /* ProgressCell.xib */ = {isa = PBXFileReference; fileEncoding = 4; lastKnownFileType = file.xib; path = ProgressCell.xib; sourceTree = "<group>"; };
		991C34D61E9646C400FABEDE /* NextButtonCell.swift */ = {isa = PBXFileReference; fileEncoding = 4; lastKnownFileType = sourcecode.swift; path = NextButtonCell.swift; sourceTree = "<group>"; };
		991C34D71E9646C400FABEDE /* NextButtonCell.xib */ = {isa = PBXFileReference; fileEncoding = 4; lastKnownFileType = file.xib; path = NextButtonCell.xib; sourceTree = "<group>"; };
		992DA8A71E8A0EF8002A194C /* BaseTableViewCell.swift */ = {isa = PBXFileReference; fileEncoding = 4; lastKnownFileType = sourcecode.swift; path = BaseTableViewCell.swift; sourceTree = "<group>"; };
		992DA8A91E8A0EF8002A194C /* BaseViewController.swift */ = {isa = PBXFileReference; fileEncoding = 4; lastKnownFileType = sourcecode.swift; path = BaseViewController.swift; sourceTree = "<group>"; };
		992DA8AB1E8A0EF9002A194C /* PopupViewController.swift */ = {isa = PBXFileReference; fileEncoding = 4; lastKnownFileType = sourcecode.swift; path = PopupViewController.swift; sourceTree = "<group>"; };
		992DA8AD1E8A0EF9002A194C /* RootSideMenuViewController.swift */ = {isa = PBXFileReference; fileEncoding = 4; lastKnownFileType = sourcecode.swift; path = RootSideMenuViewController.swift; sourceTree = "<group>"; };
		992DA8BC1E8A1DA6002A194C /* NutritionViewController.swift */ = {isa = PBXFileReference; fileEncoding = 4; lastKnownFileType = sourcecode.swift; path = NutritionViewController.swift; sourceTree = "<group>"; };
		992DA8BD1E8A1DA6002A194C /* NutritionViewController.xib */ = {isa = PBXFileReference; fileEncoding = 4; lastKnownFileType = file.xib; path = NutritionViewController.xib; sourceTree = "<group>"; };
		992DA8C31E8A1DB0002A194C /* AddFitnessViewController.swift */ = {isa = PBXFileReference; fileEncoding = 4; lastKnownFileType = sourcecode.swift; path = AddFitnessViewController.swift; sourceTree = "<group>"; };
		992DA8C41E8A1DB0002A194C /* AddFitnessViewController.xib */ = {isa = PBXFileReference; fileEncoding = 4; lastKnownFileType = file.xib; path = AddFitnessViewController.xib; sourceTree = "<group>"; };
		992DA8C71E8A1DB0002A194C /* FitnessViewController.swift */ = {isa = PBXFileReference; fileEncoding = 4; lastKnownFileType = sourcecode.swift; path = FitnessViewController.swift; sourceTree = "<group>"; };
		992DA8C81E8A1DB0002A194C /* FitnessViewController.xib */ = {isa = PBXFileReference; fileEncoding = 4; lastKnownFileType = file.xib; path = FitnessViewController.xib; sourceTree = "<group>"; };
		992DA8CD1E8A1DFD002A194C /* AddNutritionViewController.swift */ = {isa = PBXFileReference; fileEncoding = 4; lastKnownFileType = sourcecode.swift; path = AddNutritionViewController.swift; sourceTree = "<group>"; };
		992DA8CE1E8A1DFD002A194C /* AddNutritionViewController.xib */ = {isa = PBXFileReference; fileEncoding = 4; lastKnownFileType = file.xib; path = AddNutritionViewController.xib; sourceTree = "<group>"; };
		992DA8D31E8A1EB2002A194C /* FitnessAnalysisController.swift */ = {isa = PBXFileReference; fileEncoding = 4; lastKnownFileType = sourcecode.swift; path = FitnessAnalysisController.swift; sourceTree = "<group>"; };
		992DA8D41E8A1EB2002A194C /* FitnessAnalysisController.xib */ = {isa = PBXFileReference; fileEncoding = 4; lastKnownFileType = file.xib; path = FitnessAnalysisController.xib; sourceTree = "<group>"; };
		992DA8D71E8A1F1D002A194C /* FitnessHistoryController.swift */ = {isa = PBXFileReference; fileEncoding = 4; lastKnownFileType = sourcecode.swift; path = FitnessHistoryController.swift; sourceTree = "<group>"; };
		992DA8D81E8A1F1D002A194C /* FitnessHistoryController.xib */ = {isa = PBXFileReference; fileEncoding = 4; lastKnownFileType = file.xib; path = FitnessHistoryController.xib; sourceTree = "<group>"; };
		992DA8DB1E8A1F3B002A194C /* NutritionAnalysisController.swift */ = {isa = PBXFileReference; fileEncoding = 4; lastKnownFileType = sourcecode.swift; path = NutritionAnalysisController.swift; sourceTree = "<group>"; };
		992DA8DC1E8A1F3B002A194C /* NutritionAnalysisController.xib */ = {isa = PBXFileReference; fileEncoding = 4; lastKnownFileType = file.xib; path = NutritionAnalysisController.xib; sourceTree = "<group>"; };
		992DA8DF1E8A1F58002A194C /* NutritionHistoryController.swift */ = {isa = PBXFileReference; fileEncoding = 4; lastKnownFileType = sourcecode.swift; path = NutritionHistoryController.swift; sourceTree = "<group>"; };
		992DA8E01E8A1F58002A194C /* NutritionHistoryController.xib */ = {isa = PBXFileReference; fileEncoding = 4; lastKnownFileType = file.xib; path = NutritionHistoryController.xib; sourceTree = "<group>"; };
		993404DC1E838306009A445F /* UserProfileCell.swift */ = {isa = PBXFileReference; fileEncoding = 4; lastKnownFileType = sourcecode.swift; path = UserProfileCell.swift; sourceTree = "<group>"; };
		993404DD1E838306009A445F /* UserProfileCell.xib */ = {isa = PBXFileReference; fileEncoding = 4; lastKnownFileType = file.xib; path = UserProfileCell.xib; sourceTree = "<group>"; };
		993404E31E83849D009A445F /* View.swift */ = {isa = PBXFileReference; fileEncoding = 4; lastKnownFileType = sourcecode.swift; path = View.swift; sourceTree = "<group>"; };
		993404EF1E83C41B009A445F /* AnalysisViewController.swift */ = {isa = PBXFileReference; fileEncoding = 4; lastKnownFileType = sourcecode.swift; path = AnalysisViewController.swift; sourceTree = "<group>"; };
		993404F01E83C41B009A445F /* AnalysisViewController.xib */ = {isa = PBXFileReference; fileEncoding = 4; lastKnownFileType = file.xib; path = AnalysisViewController.xib; sourceTree = "<group>"; };
		993404F71E83C44E009A445F /* HistoryViewController.swift */ = {isa = PBXFileReference; fileEncoding = 4; lastKnownFileType = sourcecode.swift; path = HistoryViewController.swift; sourceTree = "<group>"; };
		993404F81E83C44E009A445F /* HistoryViewController.xib */ = {isa = PBXFileReference; fileEncoding = 4; lastKnownFileType = file.xib; path = HistoryViewController.xib; sourceTree = "<group>"; };
		993404FB1E83C45D009A445F /* InformationViewController.swift */ = {isa = PBXFileReference; fileEncoding = 4; lastKnownFileType = sourcecode.swift; path = InformationViewController.swift; sourceTree = "<group>"; };
		993404FC1E83C45D009A445F /* InformationViewController.xib */ = {isa = PBXFileReference; fileEncoding = 4; lastKnownFileType = file.xib; path = InformationViewController.xib; sourceTree = "<group>"; };
		993404FF1E83C46D009A445F /* ProfileViewController.swift */ = {isa = PBXFileReference; fileEncoding = 4; lastKnownFileType = sourcecode.swift; path = ProfileViewController.swift; sourceTree = "<group>"; };
		993405001E83C46D009A445F /* ProfileViewController.xib */ = {isa = PBXFileReference; fileEncoding = 4; lastKnownFileType = file.xib; path = ProfileViewController.xib; sourceTree = "<group>"; };
		99501FF91E8AC5010051227F /* CircleProgressView.swift */ = {isa = PBXFileReference; fileEncoding = 4; lastKnownFileType = sourcecode.swift; path = CircleProgressView.swift; sourceTree = "<group>"; };
		9959E8761E8D6CEA005A8347 /* CalendarController.swift */ = {isa = PBXFileReference; fileEncoding = 4; lastKnownFileType = sourcecode.swift; path = CalendarController.swift; sourceTree = "<group>"; };
		9959E8771E8D6CEA005A8347 /* CalendarController.xib */ = {isa = PBXFileReference; fileEncoding = 4; lastKnownFileType = file.xib; path = CalendarController.xib; sourceTree = "<group>"; };
		99993E8B1E80B7430052372A /* SideMenuController.swift */ = {isa = PBXFileReference; fileEncoding = 4; lastKnownFileType = sourcecode.swift; path = SideMenuController.swift; sourceTree = "<group>"; };
		99993E8D1E80B7840052372A /* LeftSideViewController.swift */ = {isa = PBXFileReference; fileEncoding = 4; lastKnownFileType = sourcecode.swift; path = LeftSideViewController.swift; sourceTree = "<group>"; };
		999C402D1E94897C0059E870 /* SignInController.swift */ = {isa = PBXFileReference; fileEncoding = 4; lastKnownFileType = sourcecode.swift; path = SignInController.swift; sourceTree = "<group>"; };
		999C402E1E94897C0059E870 /* SignInController.xib */ = {isa = PBXFileReference; fileEncoding = 4; lastKnownFileType = file.xib; path = SignInController.xib; sourceTree = "<group>"; };
		999C40311E9489A60059E870 /* SignUpController.swift */ = {isa = PBXFileReference; fileEncoding = 4; lastKnownFileType = sourcecode.swift; path = SignUpController.swift; sourceTree = "<group>"; };
		999C40321E9489A60059E870 /* SignUpController.xib */ = {isa = PBXFileReference; fileEncoding = 4; lastKnownFileType = file.xib; path = SignUpController.xib; sourceTree = "<group>"; };
		999C40361E948CEE0059E870 /* Mapper.swift */ = {isa = PBXFileReference; fileEncoding = 4; lastKnownFileType = sourcecode.swift; path = Mapper.swift; sourceTree = "<group>"; };
		999C403E1E9497000059E870 /* TitleCell.swift */ = {isa = PBXFileReference; fileEncoding = 4; lastKnownFileType = sourcecode.swift; path = TitleCell.swift; sourceTree = "<group>"; };
		999C403F1E9497000059E870 /* TitleCell.xib */ = {isa = PBXFileReference; fileEncoding = 4; lastKnownFileType = file.xib; path = TitleCell.xib; sourceTree = "<group>"; };
		999C40431E9497160059E870 /* AvatarCell.swift */ = {isa = PBXFileReference; fileEncoding = 4; lastKnownFileType = sourcecode.swift; path = AvatarCell.swift; sourceTree = "<group>"; };
		999C40441E9497160059E870 /* AvatarCell.xib */ = {isa = PBXFileReference; fileEncoding = 4; lastKnownFileType = file.xib; path = AvatarCell.xib; sourceTree = "<group>"; };
		999C404A1E94AD1C0059E870 /* InputCell.swift */ = {isa = PBXFileReference; fileEncoding = 4; lastKnownFileType = sourcecode.swift; path = InputCell.swift; sourceTree = "<group>"; };
		999C404B1E94AD1C0059E870 /* InputCell.xib */ = {isa = PBXFileReference; fileEncoding = 4; lastKnownFileType = file.xib; path = InputCell.xib; sourceTree = "<group>"; };
		999C404F1E94D72F0059E870 /* RadioCell.swift */ = {isa = PBXFileReference; fileEncoding = 4; lastKnownFileType = sourcecode.swift; path = RadioCell.swift; sourceTree = "<group>"; };
		999C40501E94D72F0059E870 /* RadioCell.xib */ = {isa = PBXFileReference; fileEncoding = 4; lastKnownFileType = file.xib; path = RadioCell.xib; sourceTree = "<group>"; };
		999C40531E94E3400059E870 /* UILabel.swift */ = {isa = PBXFileReference; fileEncoding = 4; lastKnownFileType = sourcecode.swift; path = UILabel.swift; sourceTree = "<group>"; };
		999C40551E94E8AD0059E870 /* UITextField.swift */ = {isa = PBXFileReference; fileEncoding = 4; lastKnownFileType = sourcecode.swift; path = UITextField.swift; sourceTree = "<group>"; };
		99AEA1791E87A9B2000DA06F /* UIView.swift */ = {isa = PBXFileReference; fileEncoding = 4; lastKnownFileType = sourcecode.swift; path = UIView.swift; sourceTree = "<group>"; };
		99AEA17D1E87B240000DA06F /* AddMenuViewController.swift */ = {isa = PBXFileReference; fileEncoding = 4; lastKnownFileType = sourcecode.swift; path = AddMenuViewController.swift; sourceTree = "<group>"; };
		99AEA17E1E87B240000DA06F /* AddMenuViewController.xib */ = {isa = PBXFileReference; fileEncoding = 4; lastKnownFileType = file.xib; path = AddMenuViewController.xib; sourceTree = "<group>"; };
		99BF6F381E77F41500FD743F /* FoodAndFitness.app */ = {isa = PBXFileReference; explicitFileType = wrapper.application; includeInIndex = 0; path = FoodAndFitness.app; sourceTree = BUILT_PRODUCTS_DIR; };
		99BF6F4E1E77F67D00FD743F /* AppDelegate.swift */ = {isa = PBXFileReference; fileEncoding = 4; lastKnownFileType = sourcecode.swift; path = AppDelegate.swift; sourceTree = "<group>"; };
		99BF6F551E77F67D00FD743F /* HomeViewController.swift */ = {isa = PBXFileReference; fileEncoding = 4; lastKnownFileType = sourcecode.swift; path = HomeViewController.swift; sourceTree = "<group>"; };
		99BF6F561E77F67D00FD743F /* HomeViewController.xib */ = {isa = PBXFileReference; fileEncoding = 4; lastKnownFileType = file.xib; path = HomeViewController.xib; sourceTree = "<group>"; };
		99BF6F591E77F67D00FD743F /* PaddingTextField.swift */ = {isa = PBXFileReference; fileEncoding = 4; lastKnownFileType = sourcecode.swift; path = PaddingTextField.swift; sourceTree = "<group>"; };
		99BF6F5C1E77F67D00FD743F /* ApiPath.swift */ = {isa = PBXFileReference; fileEncoding = 4; lastKnownFileType = sourcecode.swift; path = ApiPath.swift; sourceTree = "<group>"; };
		99BF6F5D1E77F67D00FD743F /* Colors.swift */ = {isa = PBXFileReference; fileEncoding = 4; lastKnownFileType = sourcecode.swift; path = Colors.swift; sourceTree = "<group>"; };
		99BF6F5E1E77F67D00FD743F /* Config.swift */ = {isa = PBXFileReference; fileEncoding = 4; lastKnownFileType = sourcecode.swift; path = Config.swift; sourceTree = "<group>"; };
		99BF6F601E77F67D00FD743F /* Strings.swift */ = {isa = PBXFileReference; fileEncoding = 4; lastKnownFileType = sourcecode.swift; path = Strings.swift; sourceTree = "<group>"; };
		99BF6F651E77F67D00FD743F /* UIViewController.swift */ = {isa = PBXFileReference; fileEncoding = 4; lastKnownFileType = sourcecode.swift; path = UIViewController.swift; sourceTree = "<group>"; };
		99BF6F671E77F67D00FD743F /* LaunchScreen.storyboard */ = {isa = PBXFileReference; fileEncoding = 4; lastKnownFileType = file.storyboard; path = LaunchScreen.storyboard; sourceTree = "<group>"; };
		99BF6F6A1E77F67D00FD743F /* AccessLibraryManager.swift */ = {isa = PBXFileReference; fileEncoding = 4; lastKnownFileType = sourcecode.swift; path = AccessLibraryManager.swift; sourceTree = "<group>"; };
		99BF6F6C1E77F67D00FD743F /* Cocoa.swift */ = {isa = PBXFileReference; fileEncoding = 4; lastKnownFileType = sourcecode.swift; path = Cocoa.swift; sourceTree = "<group>"; };
		99BF6F6E1E77F67D00FD743F /* SwiftDate.swift */ = {isa = PBXFileReference; fileEncoding = 4; lastKnownFileType = sourcecode.swift; path = SwiftDate.swift; sourceTree = "<group>"; };
		99BF6F721E77F67D00FD743F /* User.swift */ = {isa = PBXFileReference; fileEncoding = 4; lastKnownFileType = sourcecode.swift; path = User.swift; sourceTree = "<group>"; };
		99BF6F731E77F67D00FD743F /* UserProfile.swift */ = {isa = PBXFileReference; fileEncoding = 4; lastKnownFileType = sourcecode.swift; path = UserProfile.swift; sourceTree = "<group>"; };
		99BF6F751E77F67D00FD743F /* Assets.xcassets */ = {isa = PBXFileReference; lastKnownFileType = folder.assetcatalog; path = Assets.xcassets; sourceTree = "<group>"; };
		99BF6F791E77F67D00FD743F /* ApiMananger.swift */ = {isa = PBXFileReference; fileEncoding = 4; lastKnownFileType = sourcecode.swift; path = ApiMananger.swift; sourceTree = "<group>"; };
		99BF6F7A1E77F67D00FD743F /* Error.swift */ = {isa = PBXFileReference; fileEncoding = 4; lastKnownFileType = sourcecode.swift; path = Error.swift; sourceTree = "<group>"; };
		99BF6F7B1E77F67D00FD743F /* RequestSerializer.swift */ = {isa = PBXFileReference; fileEncoding = 4; lastKnownFileType = sourcecode.swift; path = RequestSerializer.swift; sourceTree = "<group>"; };
		99BF6F7C1E77F67D00FD743F /* ResponseSerializer.swift */ = {isa = PBXFileReference; fileEncoding = 4; lastKnownFileType = sourcecode.swift; path = ResponseSerializer.swift; sourceTree = "<group>"; };
		99BF6F7D1E77F67D00FD743F /* Session.swift */ = {isa = PBXFileReference; fileEncoding = 4; lastKnownFileType = sourcecode.swift; path = Session.swift; sourceTree = "<group>"; };
		99BF6F7F1E77F67D00FD743F /* Info.plist */ = {isa = PBXFileReference; fileEncoding = 4; lastKnownFileType = text.plist.xml; path = Info.plist; sourceTree = "<group>"; };
		99CAFE7C1E9C767D00026CCE /* Optional.swift */ = {isa = PBXFileReference; fileEncoding = 4; lastKnownFileType = sourcecode.swift; path = Optional.swift; sourceTree = "<group>"; };
		99CC4CFB1E9AAA6F000EE59E /* ChooseActivesController.swift */ = {isa = PBXFileReference; fileEncoding = 4; lastKnownFileType = sourcecode.swift; path = ChooseActivesController.swift; sourceTree = "<group>"; };
		99CC4CFC1E9AAA6F000EE59E /* ChooseActivesController.xib */ = {isa = PBXFileReference; fileEncoding = 4; lastKnownFileType = file.xib; path = ChooseActivesController.xib; sourceTree = "<group>"; };
		99CC4CFF1E9AAD92000EE59E /* ChooseActivesViewModel.swift */ = {isa = PBXFileReference; fileEncoding = 4; lastKnownFileType = sourcecode.swift; path = ChooseActivesViewModel.swift; sourceTree = "<group>"; };
		99CC4D011E9AAFAE000EE59E /* SignUpViewModel.swift */ = {isa = PBXFileReference; fileEncoding = 4; lastKnownFileType = sourcecode.swift; path = SignUpViewModel.swift; sourceTree = "<group>"; };
		99CC4D031E9AB05D000EE59E /* ChooseGoalsViewModel.swift */ = {isa = PBXFileReference; fileEncoding = 4; lastKnownFileType = sourcecode.swift; path = ChooseGoalsViewModel.swift; sourceTree = "<group>"; };
		99D925201E99E1DB008150EE /* ChooseGoalsController.swift */ = {isa = PBXFileReference; fileEncoding = 4; lastKnownFileType = sourcecode.swift; path = ChooseGoalsController.swift; sourceTree = "<group>"; };
		99D925211E99E1DB008150EE /* ChooseGoalsController.xib */ = {isa = PBXFileReference; fileEncoding = 4; lastKnownFileType = file.xib; path = ChooseGoalsController.xib; sourceTree = "<group>"; };
		99D925261E99ED6A008150EE /* Goal.swift */ = {isa = PBXFileReference; fileEncoding = 4; lastKnownFileType = sourcecode.swift; path = Goal.swift; sourceTree = "<group>"; };
		99D925281E99F10E008150EE /* Active.swift */ = {isa = PBXFileReference; fileEncoding = 4; lastKnownFileType = sourcecode.swift; path = Active.swift; sourceTree = "<group>"; };
		99D9252D1E99F880008150EE /* Food.swift */ = {isa = PBXFileReference; fileEncoding = 4; lastKnownFileType = sourcecode.swift; path = Food.swift; sourceTree = "<group>"; };
		99D9252F1E99F8F5008150EE /* Exercise.swift */ = {isa = PBXFileReference; fileEncoding = 4; lastKnownFileType = sourcecode.swift; path = Exercise.swift; sourceTree = "<group>"; };
		99D925311E99F980008150EE /* Activity.swift */ = {isa = PBXFileReference; fileEncoding = 4; lastKnownFileType = sourcecode.swift; path = Activity.swift; sourceTree = "<group>"; };
		99D925341E99FA26008150EE /* Location.swift */ = {isa = PBXFileReference; fileEncoding = 4; lastKnownFileType = sourcecode.swift; path = Location.swift; sourceTree = "<group>"; };
		99D9253A1E99FE12008150EE /* UserExercise.swift */ = {isa = PBXFileReference; fileEncoding = 4; lastKnownFileType = sourcecode.swift; path = UserExercise.swift; sourceTree = "<group>"; };
		99D9253C1E9A0504008150EE /* UserFood.swift */ = {isa = PBXFileReference; fileEncoding = 4; lastKnownFileType = sourcecode.swift; path = UserFood.swift; sourceTree = "<group>"; };
		99E80FF51E88FC3C0093F0BF /* Date.swift */ = {isa = PBXFileReference; fileEncoding = 4; lastKnownFileType = sourcecode.swift; path = Date.swift; sourceTree = "<group>"; };
/* End PBXFileReference section */

/* Begin PBXFrameworksBuildPhase section */
		99BF6F351E77F41500FD743F /* Frameworks */ = {
			isa = PBXFrameworksBuildPhase;
			buildActionMask = 2147483647;
			files = (
				82DD737526B668AC2735D9DF /* Pods_FoodAndFitness.framework in Frameworks */,
			);
			runOnlyForDeploymentPostprocessing = 0;
		};
/* End PBXFrameworksBuildPhase section */

/* Begin PBXGroup section */
		671E3A33C71B9FFABC57C328 /* Frameworks */ = {
			isa = PBXGroup;
			children = (
				2CC2C5A9C9A5C9BBFE5E0265 /* Pods_FoodAndFitness.framework */,
			);
			name = Frameworks;
			sourceTree = "<group>";
		};
		9494A8AA5040BE0F3627AA64 /* Pods */ = {
			isa = PBXGroup;
			children = (
				55C6C2C4F08C322327521329 /* Pods-FoodAndFitness.debug.xcconfig */,
				414B90741E59EF7A2149478D /* Pods-FoodAndFitness.release.xcconfig */,
			);
			name = Pods;
			sourceTree = "<group>";
		};
		991C34D01E96006300FABEDE /* ProgressCell */ = {
			isa = PBXGroup;
			children = (
				991C34D11E9600D800FABEDE /* ProgressCell.swift */,
				991C34D21E9600D800FABEDE /* ProgressCell.xib */,
			);
			path = ProgressCell;
			sourceTree = "<group>";
		};
		991C34D51E9646B300FABEDE /* Button */ = {
			isa = PBXGroup;
			children = (
				991C34D61E9646C400FABEDE /* NextButtonCell.swift */,
				991C34D71E9646C400FABEDE /* NextButtonCell.xib */,
			);
			path = Button;
			sourceTree = "<group>";
		};
		992DA8A61E8A0EF8002A194C /* Cell */ = {
			isa = PBXGroup;
			children = (
				992DA8A71E8A0EF8002A194C /* BaseTableViewCell.swift */,
			);
			path = Cell;
			sourceTree = "<group>";
		};
		992DA8A81E8A0EF8002A194C /* Controller */ = {
			isa = PBXGroup;
			children = (
				992DA8A91E8A0EF8002A194C /* BaseViewController.swift */,
			);
			path = Controller;
			sourceTree = "<group>";
		};
		992DA8AA1E8A0EF9002A194C /* Popup */ = {
			isa = PBXGroup;
			children = (
				992DA8AB1E8A0EF9002A194C /* PopupViewController.swift */,
			);
			path = Popup;
			sourceTree = "<group>";
		};
		992DA8AC1E8A0EF9002A194C /* RootSideMenu */ = {
			isa = PBXGroup;
			children = (
				992DA8AD1E8A0EF9002A194C /* RootSideMenuViewController.swift */,
			);
			path = RootSideMenu;
			sourceTree = "<group>";
		};
		992DA8B71E8A1DA6002A194C /* Add */ = {
			isa = PBXGroup;
			children = (
				992DA8CD1E8A1DFD002A194C /* AddNutritionViewController.swift */,
				992DA8CE1E8A1DFD002A194C /* AddNutritionViewController.xib */,
			);
			path = Add;
			sourceTree = "<group>";
		};
		992DA8BA1E8A1DA6002A194C /* History */ = {
			isa = PBXGroup;
			children = (
				992DA8DF1E8A1F58002A194C /* NutritionHistoryController.swift */,
				992DA8E01E8A1F58002A194C /* NutritionHistoryController.xib */,
			);
			path = History;
			sourceTree = "<group>";
		};
		992DA8BB1E8A1DA6002A194C /* Home */ = {
			isa = PBXGroup;
			children = (
				991C34D01E96006300FABEDE /* ProgressCell */,
				992DA8BC1E8A1DA6002A194C /* NutritionViewController.swift */,
				992DA8BD1E8A1DA6002A194C /* NutritionViewController.xib */,
			);
			path = Home;
			sourceTree = "<group>";
		};
		992DA8C21E8A1DB0002A194C /* Add */ = {
			isa = PBXGroup;
			children = (
				992DA8C31E8A1DB0002A194C /* AddFitnessViewController.swift */,
				992DA8C41E8A1DB0002A194C /* AddFitnessViewController.xib */,
			);
			path = Add;
			sourceTree = "<group>";
		};
		992DA8C51E8A1DB0002A194C /* History */ = {
			isa = PBXGroup;
			children = (
				992DA8D71E8A1F1D002A194C /* FitnessHistoryController.swift */,
				992DA8D81E8A1F1D002A194C /* FitnessHistoryController.xib */,
			);
			path = History;
			sourceTree = "<group>";
		};
		992DA8C61E8A1DB0002A194C /* Home */ = {
			isa = PBXGroup;
			children = (
				992DA8C71E8A1DB0002A194C /* FitnessViewController.swift */,
				992DA8C81E8A1DB0002A194C /* FitnessViewController.xib */,
			);
			path = Home;
			sourceTree = "<group>";
		};
		992DA8D11E8A1E61002A194C /* Analysis */ = {
			isa = PBXGroup;
			children = (
				992DA8D31E8A1EB2002A194C /* FitnessAnalysisController.swift */,
				992DA8D41E8A1EB2002A194C /* FitnessAnalysisController.xib */,
			);
			path = Analysis;
			sourceTree = "<group>";
		};
		992DA8D21E8A1E6B002A194C /* Analysis */ = {
			isa = PBXGroup;
			children = (
				992DA8DB1E8A1F3B002A194C /* NutritionAnalysisController.swift */,
				992DA8DC1E8A1F3B002A194C /* NutritionAnalysisController.xib */,
			);
			path = Analysis;
			sourceTree = "<group>";
		};
		992DA8ED1E8A78B9002A194C /* CricleProgress */ = {
			isa = PBXGroup;
			children = (
				99501FF91E8AC5010051227F /* CircleProgressView.swift */,
			);
			path = CricleProgress;
			sourceTree = "<group>";
		};
		993404DB1E8382F0009A445F /* UserProfileCell */ = {
			isa = PBXGroup;
			children = (
				993404DC1E838306009A445F /* UserProfileCell.swift */,
				993404DD1E838306009A445F /* UserProfileCell.xib */,
			);
			path = UserProfileCell;
			sourceTree = "<group>";
		};
		993404E21E838481009A445F /* View */ = {
			isa = PBXGroup;
			children = (
				993404E31E83849D009A445F /* View.swift */,
			);
			path = View;
			sourceTree = "<group>";
		};
		993404E51E83C3A5009A445F /* Analysis */ = {
			isa = PBXGroup;
			children = (
				993404EF1E83C41B009A445F /* AnalysisViewController.swift */,
				993404F01E83C41B009A445F /* AnalysisViewController.xib */,
			);
			path = Analysis;
			sourceTree = "<group>";
		};
		993404E61E83C3AB009A445F /* Fitness */ = {
			isa = PBXGroup;
			children = (
				992DA8C21E8A1DB0002A194C /* Add */,
				992DA8D11E8A1E61002A194C /* Analysis */,
				992DA8C51E8A1DB0002A194C /* History */,
				992DA8C61E8A1DB0002A194C /* Home */,
			);
			path = Fitness;
			sourceTree = "<group>";
		};
		993404E71E83C3B1009A445F /* History */ = {
			isa = PBXGroup;
			children = (
				9959E8751E8D6A35005A8347 /* CalendarController */,
				993404F71E83C44E009A445F /* HistoryViewController.swift */,
				993404F81E83C44E009A445F /* HistoryViewController.xib */,
			);
			path = History;
			sourceTree = "<group>";
		};
		993404E81E83C3B8009A445F /* Information */ = {
			isa = PBXGroup;
			children = (
				993404FB1E83C45D009A445F /* InformationViewController.swift */,
				993404FC1E83C45D009A445F /* InformationViewController.xib */,
			);
			path = Information;
			sourceTree = "<group>";
		};
		993404E91E83C3BD009A445F /* Nutrition */ = {
			isa = PBXGroup;
			children = (
				992DA8B71E8A1DA6002A194C /* Add */,
				992DA8D21E8A1E6B002A194C /* Analysis */,
				992DA8BA1E8A1DA6002A194C /* History */,
				992DA8BB1E8A1DA6002A194C /* Home */,
			);
			path = Nutrition;
			sourceTree = "<group>";
		};
		993404EA1E83C3C8009A445F /* Profile */ = {
			isa = PBXGroup;
			children = (
				993404FF1E83C46D009A445F /* ProfileViewController.swift */,
				993405001E83C46D009A445F /* ProfileViewController.xib */,
			);
			path = Profile;
			sourceTree = "<group>";
		};
		9959E8751E8D6A35005A8347 /* CalendarController */ = {
			isa = PBXGroup;
			children = (
				9959E8761E8D6CEA005A8347 /* CalendarController.swift */,
				9959E8771E8D6CEA005A8347 /* CalendarController.xib */,
			);
			path = CalendarController;
			sourceTree = "<group>";
		};
		99993E8A1E80B7430052372A /* SideMenu */ = {
			isa = PBXGroup;
			children = (
				993404DB1E8382F0009A445F /* UserProfileCell */,
				99993E8B1E80B7430052372A /* SideMenuController.swift */,
				99993E8D1E80B7840052372A /* LeftSideViewController.swift */,
			);
			path = SideMenu;
			sourceTree = "<group>";
		};
		999C402B1E9489640059E870 /* SignIn */ = {
			isa = PBXGroup;
			children = (
				999C402D1E94897C0059E870 /* SignInController.swift */,
				999C402E1E94897C0059E870 /* SignInController.xib */,
			);
			path = SignIn;
			sourceTree = "<group>";
		};
		999C402C1E9489640059E870 /* SignUp */ = {
			isa = PBXGroup;
			children = (
				99D9253E1E9A087F008150EE /* Actives */,
				999C40381E9492890059E870 /* Cell */,
				99D9251F1E99E1C5008150EE /* Goals */,
				999C40311E9489A60059E870 /* SignUpController.swift */,
				999C40321E9489A60059E870 /* SignUpController.xib */,
				99CC4D011E9AAFAE000EE59E /* SignUpViewModel.swift */,
			);
			path = SignUp;
			sourceTree = "<group>";
		};
		999C40351E948CDF0059E870 /* Core */ = {
			isa = PBXGroup;
			children = (
				999C40361E948CEE0059E870 /* Mapper.swift */,
			);
			path = Core;
			sourceTree = "<group>";
		};
		999C40381E9492890059E870 /* Cell */ = {
			isa = PBXGroup;
			children = (
				999C40421E94970B0059E870 /* Avatar */,
				991C34D51E9646B300FABEDE /* Button */,
				999C40491E94AD0D0059E870 /* Input */,
				999C404E1E94D7110059E870 /* Radio */,
				999C403D1E9496EA0059E870 /* Title */,
			);
			path = Cell;
			sourceTree = "<group>";
		};
		999C403D1E9496EA0059E870 /* Title */ = {
			isa = PBXGroup;
			children = (
				999C403E1E9497000059E870 /* TitleCell.swift */,
				999C403F1E9497000059E870 /* TitleCell.xib */,
			);
			path = Title;
			sourceTree = "<group>";
		};
		999C40421E94970B0059E870 /* Avatar */ = {
			isa = PBXGroup;
			children = (
				999C40431E9497160059E870 /* AvatarCell.swift */,
				999C40441E9497160059E870 /* AvatarCell.xib */,
			);
			path = Avatar;
			sourceTree = "<group>";
		};
		999C40491E94AD0D0059E870 /* Input */ = {
			isa = PBXGroup;
			children = (
				999C404A1E94AD1C0059E870 /* InputCell.swift */,
				999C404B1E94AD1C0059E870 /* InputCell.xib */,
			);
			path = Input;
			sourceTree = "<group>";
		};
		999C404E1E94D7110059E870 /* Radio */ = {
			isa = PBXGroup;
			children = (
				999C404F1E94D72F0059E870 /* RadioCell.swift */,
				999C40501E94D72F0059E870 /* RadioCell.xib */,
			);
			path = Radio;
			sourceTree = "<group>";
		};
		99AEA17B1E87B216000DA06F /* Popup */ = {
			isa = PBXGroup;
			children = (
				99AEA17C1E87B22A000DA06F /* AddMenu */,
			);
			path = Popup;
			sourceTree = "<group>";
		};
		99AEA17C1E87B22A000DA06F /* AddMenu */ = {
			isa = PBXGroup;
			children = (
				99AEA17D1E87B240000DA06F /* AddMenuViewController.swift */,
				99AEA17E1E87B240000DA06F /* AddMenuViewController.xib */,
			);
			path = AddMenu;
			sourceTree = "<group>";
		};
		99BF6F2F1E77F41500FD743F = {
			isa = PBXGroup;
			children = (
				99BF6F3A1E77F41500FD743F /* FoodAndFitness */,
				99BF6F391E77F41500FD743F /* Products */,
				9494A8AA5040BE0F3627AA64 /* Pods */,
				671E3A33C71B9FFABC57C328 /* Frameworks */,
			);
			sourceTree = "<group>";
		};
		99BF6F391E77F41500FD743F /* Products */ = {
			isa = PBXGroup;
			children = (
				99BF6F381E77F41500FD743F /* FoodAndFitness.app */,
			);
			name = Products;
			sourceTree = "<group>";
		};
		99BF6F3A1E77F41500FD743F /* FoodAndFitness */ = {
			isa = PBXGroup;
			children = (
				99BF6F4D1E77F67D00FD743F /* AppDelegate */,
				99BF6F4F1E77F67D00FD743F /* Controllers */,
				99BF6F571E77F67D00FD743F /* Controls */,
				99BF6F5A1E77F67D00FD743F /* Define */,
				99BF6F621E77F67D00FD743F /* Helpers */,
				99BF6F661E77F67D00FD743F /* LaunchScreen */,
				99BF6F681E77F67D00FD743F /* Library */,
				99BF6F6F1E77F67D00FD743F /* Model */,
				99BF6F741E77F67D00FD743F /* Resources */,
				99BF6F771E77F67D00FD743F /* Services */,
				99BF6F7E1E77F67D00FD743F /* Supports */,
			);
			path = FoodAndFitness;
			sourceTree = "<group>";
		};
		99BF6F4D1E77F67D00FD743F /* AppDelegate */ = {
			isa = PBXGroup;
			children = (
				99BF6F4E1E77F67D00FD743F /* AppDelegate.swift */,
			);
			path = AppDelegate;
			sourceTree = "<group>";
		};
		99BF6F4F1E77F67D00FD743F /* Controllers */ = {
			isa = PBXGroup;
			children = (
				993404E51E83C3A5009A445F /* Analysis */,
				99BF6F501E77F67D00FD743F /* Base */,
				993404E61E83C3AB009A445F /* Fitness */,
				993404E71E83C3B1009A445F /* History */,
				99BF6F541E77F67D00FD743F /* Home */,
				993404E81E83C3B8009A445F /* Information */,
				993404E91E83C3BD009A445F /* Nutrition */,
				99AEA17B1E87B216000DA06F /* Popup */,
				993404EA1E83C3C8009A445F /* Profile */,
				99993E8A1E80B7430052372A /* SideMenu */,
				999C402B1E9489640059E870 /* SignIn */,
				999C402C1E9489640059E870 /* SignUp */,
			);
			path = Controllers;
			sourceTree = "<group>";
		};
		99BF6F501E77F67D00FD743F /* Base */ = {
			isa = PBXGroup;
			children = (
				992DA8A61E8A0EF8002A194C /* Cell */,
				992DA8A81E8A0EF8002A194C /* Controller */,
				992DA8AA1E8A0EF9002A194C /* Popup */,
				992DA8AC1E8A0EF9002A194C /* RootSideMenu */,
			);
			path = Base;
			sourceTree = "<group>";
		};
		99BF6F541E77F67D00FD743F /* Home */ = {
			isa = PBXGroup;
			children = (
				99BF6F551E77F67D00FD743F /* HomeViewController.swift */,
				99BF6F561E77F67D00FD743F /* HomeViewController.xib */,
			);
			path = Home;
			sourceTree = "<group>";
		};
		99BF6F571E77F67D00FD743F /* Controls */ = {
			isa = PBXGroup;
			children = (
				99BF6F581E77F67D00FD743F /* TextField */,
			);
			path = Controls;
			sourceTree = "<group>";
		};
		99BF6F581E77F67D00FD743F /* TextField */ = {
			isa = PBXGroup;
			children = (
				99BF6F591E77F67D00FD743F /* PaddingTextField.swift */,
			);
			path = TextField;
			sourceTree = "<group>";
		};
		99BF6F5A1E77F67D00FD743F /* Define */ = {
			isa = PBXGroup;
			children = (
				99BF6F5C1E77F67D00FD743F /* ApiPath.swift */,
				99BF6F5D1E77F67D00FD743F /* Colors.swift */,
				99BF6F5E1E77F67D00FD743F /* Config.swift */,
				99BF6F601E77F67D00FD743F /* Strings.swift */,
			);
			path = Define;
			sourceTree = "<group>";
		};
		99BF6F621E77F67D00FD743F /* Helpers */ = {
			isa = PBXGroup;
			children = (
				99BF6F631E77F67D00FD743F /* Common */,
				99BF6F641E77F67D00FD743F /* Extensions */,
			);
			path = Helpers;
			sourceTree = "<group>";
		};
		99BF6F631E77F67D00FD743F /* Common */ = {
			isa = PBXGroup;
			children = (
			);
			path = Common;
			sourceTree = "<group>";
		};
		99BF6F641E77F67D00FD743F /* Extensions */ = {
			isa = PBXGroup;
			children = (
				99BF6F651E77F67D00FD743F /* UIViewController.swift */,
				99AEA1791E87A9B2000DA06F /* UIView.swift */,
				99E80FF51E88FC3C0093F0BF /* Date.swift */,
				999C40531E94E3400059E870 /* UILabel.swift */,
				999C40551E94E8AD0059E870 /* UITextField.swift */,
				99CAFE7C1E9C767D00026CCE /* Optional.swift */,
			);
			path = Extensions;
			sourceTree = "<group>";
		};
		99BF6F661E77F67D00FD743F /* LaunchScreen */ = {
			isa = PBXGroup;
			children = (
				99BF6F671E77F67D00FD743F /* LaunchScreen.storyboard */,
			);
			path = LaunchScreen;
			sourceTree = "<group>";
		};
		99BF6F681E77F67D00FD743F /* Library */ = {
			isa = PBXGroup;
			children = (
				99BF6F691E77F67D00FD743F /* AccessLibrary */,
				99BF6F6B1E77F67D00FD743F /* Cocoa */,
				992DA8ED1E8A78B9002A194C /* CricleProgress */,
				99BF6F6D1E77F67D00FD743F /* SwiftDate */,
				993404E21E838481009A445F /* View */,
			);
			path = Library;
			sourceTree = "<group>";
		};
		99BF6F691E77F67D00FD743F /* AccessLibrary */ = {
			isa = PBXGroup;
			children = (
				99BF6F6A1E77F67D00FD743F /* AccessLibraryManager.swift */,
			);
			path = AccessLibrary;
			sourceTree = "<group>";
		};
		99BF6F6B1E77F67D00FD743F /* Cocoa */ = {
			isa = PBXGroup;
			children = (
				99BF6F6C1E77F67D00FD743F /* Cocoa.swift */,
			);
			path = Cocoa;
			sourceTree = "<group>";
		};
		99BF6F6D1E77F67D00FD743F /* SwiftDate */ = {
			isa = PBXGroup;
			children = (
				99BF6F6E1E77F67D00FD743F /* SwiftDate.swift */,
			);
			path = SwiftDate;
			sourceTree = "<group>";
		};
		99BF6F6F1E77F67D00FD743F /* Model */ = {
			isa = PBXGroup;
			children = (
				99BF6F701E77F67D00FD743F /* 1.0 */,
				999C40351E948CDF0059E870 /* Core */,
			);
			path = Model;
			sourceTree = "<group>";
		};
		99BF6F701E77F67D00FD743F /* 1.0 */ = {
			isa = PBXGroup;
			children = (
				99D925241E99ED5A008150EE /* active */,
				99D9252A1E99F875008150EE /* activity */,
				99D9252B1E99F875008150EE /* exercise */,
				99D9252C1E99F875008150EE /* food */,
				99D925251E99ED5A008150EE /* goal */,
				99D925331E99FA03008150EE /* location */,
				99BF6F711E77F67D00FD743F /* user */,
				99D925381E99FE04008150EE /* userExercise */,
				99D925391E99FE04008150EE /* userFood */,
			);
			path = 1.0;
			sourceTree = "<group>";
		};
		99BF6F711E77F67D00FD743F /* user */ = {
			isa = PBXGroup;
			children = (
				99BF6F721E77F67D00FD743F /* User.swift */,
				99BF6F731E77F67D00FD743F /* UserProfile.swift */,
			);
			path = user;
			sourceTree = "<group>";
		};
		99BF6F741E77F67D00FD743F /* Resources */ = {
			isa = PBXGroup;
			children = (
				99BF6F751E77F67D00FD743F /* Assets.xcassets */,
				99BF6F761E77F67D00FD743F /* Font */,
			);
			path = Resources;
			sourceTree = "<group>";
		};
		99BF6F761E77F67D00FD743F /* Font */ = {
			isa = PBXGroup;
			children = (
			);
			path = Font;
			sourceTree = "<group>";
		};
		99BF6F771E77F67D00FD743F /* Services */ = {
			isa = PBXGroup;
			children = (
				99BF6F781E77F67D00FD743F /* Core */,
			);
			path = Services;
			sourceTree = "<group>";
		};
		99BF6F781E77F67D00FD743F /* Core */ = {
			isa = PBXGroup;
			children = (
				99BF6F791E77F67D00FD743F /* ApiMananger.swift */,
				99BF6F7A1E77F67D00FD743F /* Error.swift */,
				99BF6F7B1E77F67D00FD743F /* RequestSerializer.swift */,
				99BF6F7C1E77F67D00FD743F /* ResponseSerializer.swift */,
				99BF6F7D1E77F67D00FD743F /* Session.swift */,
			);
			path = Core;
			sourceTree = "<group>";
		};
		99BF6F7E1E77F67D00FD743F /* Supports */ = {
			isa = PBXGroup;
			children = (
				99BF6F7F1E77F67D00FD743F /* Info.plist */,
			);
			path = Supports;
			sourceTree = "<group>";
		};
		99D9251F1E99E1C5008150EE /* Goals */ = {
			isa = PBXGroup;
			children = (
				99D925201E99E1DB008150EE /* ChooseGoalsController.swift */,
				99D925211E99E1DB008150EE /* ChooseGoalsController.xib */,
				99CC4D031E9AB05D000EE59E /* ChooseGoalsViewModel.swift */,
			);
			path = Goals;
			sourceTree = "<group>";
		};
		99D925241E99ED5A008150EE /* active */ = {
			isa = PBXGroup;
			children = (
				99D925281E99F10E008150EE /* Active.swift */,
			);
			path = active;
			sourceTree = "<group>";
		};
		99D925251E99ED5A008150EE /* goal */ = {
			isa = PBXGroup;
			children = (
				99D925261E99ED6A008150EE /* Goal.swift */,
			);
			path = goal;
			sourceTree = "<group>";
		};
		99D9252A1E99F875008150EE /* activity */ = {
			isa = PBXGroup;
			children = (
				99D925311E99F980008150EE /* Activity.swift */,
			);
			path = activity;
			sourceTree = "<group>";
		};
		99D9252B1E99F875008150EE /* exercise */ = {
			isa = PBXGroup;
			children = (
				99D9252F1E99F8F5008150EE /* Exercise.swift */,
			);
			path = exercise;
			sourceTree = "<group>";
		};
		99D9252C1E99F875008150EE /* food */ = {
			isa = PBXGroup;
			children = (
				99D9252D1E99F880008150EE /* Food.swift */,
			);
			path = food;
			sourceTree = "<group>";
		};
		99D925331E99FA03008150EE /* location */ = {
			isa = PBXGroup;
			children = (
				99D925341E99FA26008150EE /* Location.swift */,
			);
			path = location;
			sourceTree = "<group>";
		};
		99D925381E99FE04008150EE /* userExercise */ = {
			isa = PBXGroup;
			children = (
				99D9253A1E99FE12008150EE /* UserExercise.swift */,
			);
			path = userExercise;
			sourceTree = "<group>";
		};
		99D925391E99FE04008150EE /* userFood */ = {
			isa = PBXGroup;
			children = (
				99D9253C1E9A0504008150EE /* UserFood.swift */,
			);
			path = userFood;
			sourceTree = "<group>";
		};
		99D9253E1E9A087F008150EE /* Actives */ = {
			isa = PBXGroup;
			children = (
				99CC4CFB1E9AAA6F000EE59E /* ChooseActivesController.swift */,
				99CC4CFC1E9AAA6F000EE59E /* ChooseActivesController.xib */,
				99CC4CFF1E9AAD92000EE59E /* ChooseActivesViewModel.swift */,
			);
			path = Actives;
			sourceTree = "<group>";
		};
/* End PBXGroup section */

/* Begin PBXNativeTarget section */
		99BF6F371E77F41500FD743F /* FoodAndFitness */ = {
			isa = PBXNativeTarget;
			buildConfigurationList = 99BF6F4A1E77F41500FD743F /* Build configuration list for PBXNativeTarget "FoodAndFitness" */;
			buildPhases = (
				99BF6F9C1E77FF9200FD743F /* [CP] Check Pods Manifest.lock */,
				99BF6F341E77F41500FD743F /* Sources */,
				99BF6F351E77F41500FD743F /* Frameworks */,
				99BF6F361E77F41500FD743F /* Resources */,
				99BF6F9D1E77FFCC00FD743F /* SwiftLint */,
				99BF6F9E1E77FFFC00FD743F /* Warning */,
				5EF890E459780EAD8B4A1D71 /* [CP] Embed Pods Frameworks */,
				1B717BD9BC13BA7EB1D1D199 /* [CP] Copy Pods Resources */,
			);
			buildRules = (
			);
			dependencies = (
			);
			name = FoodAndFitness;
			productName = FoodAndFitness;
			productReference = 99BF6F381E77F41500FD743F /* FoodAndFitness.app */;
			productType = "com.apple.product-type.application";
		};
/* End PBXNativeTarget section */

/* Begin PBXProject section */
		99BF6F301E77F41500FD743F /* Project object */ = {
			isa = PBXProject;
			attributes = {
				LastSwiftUpdateCheck = 0820;
				LastUpgradeCheck = 0820;
				ORGANIZATIONNAME = SuHoVan;
				TargetAttributes = {
					99BF6F371E77F41500FD743F = {
						CreatedOnToolsVersion = 8.2;
						DevelopmentTeam = W6VWBYHU5C;
						ProvisioningStyle = Automatic;
					};
				};
			};
			buildConfigurationList = 99BF6F331E77F41500FD743F /* Build configuration list for PBXProject "FoodAndFitness" */;
			compatibilityVersion = "Xcode 3.2";
			developmentRegion = English;
			hasScannedForEncodings = 0;
			knownRegions = (
				en,
				Base,
			);
			mainGroup = 99BF6F2F1E77F41500FD743F;
			productRefGroup = 99BF6F391E77F41500FD743F /* Products */;
			projectDirPath = "";
			projectRoot = "";
			targets = (
				99BF6F371E77F41500FD743F /* FoodAndFitness */,
			);
		};
/* End PBXProject section */

/* Begin PBXResourcesBuildPhase section */
		99BF6F361E77F41500FD743F /* Resources */ = {
			isa = PBXResourcesBuildPhase;
			buildActionMask = 2147483647;
			files = (
				992DA8D01E8A1DFD002A194C /* AddNutritionViewController.xib in Resources */,
				993404F21E83C41B009A445F /* AnalysisViewController.xib in Resources */,
				999C40521E94D72F0059E870 /* RadioCell.xib in Resources */,
				999C40461E9497160059E870 /* AvatarCell.xib in Resources */,
				992DA8CA1E8A1DB0002A194C /* AddFitnessViewController.xib in Resources */,
				992DA8DA1E8A1F1D002A194C /* FitnessHistoryController.xib in Resources */,
				992DA8DE1E8A1F3B002A194C /* NutritionAnalysisController.xib in Resources */,
				991C34D41E9600D800FABEDE /* ProgressCell.xib in Resources */,
				992DA8CC1E8A1DB0002A194C /* FitnessViewController.xib in Resources */,
				993404DF1E838306009A445F /* UserProfileCell.xib in Resources */,
				993404FA1E83C44E009A445F /* HistoryViewController.xib in Resources */,
				999C40301E94897C0059E870 /* SignInController.xib in Resources */,
				99BF6F851E77F67D00FD743F /* HomeViewController.xib in Resources */,
				993404FE1E83C45D009A445F /* InformationViewController.xib in Resources */,
				992DA8E21E8A1F58002A194C /* NutritionHistoryController.xib in Resources */,
				999C404D1E94AD1C0059E870 /* InputCell.xib in Resources */,
				99BF6F951E77F67D00FD743F /* Assets.xcassets in Resources */,
				993405021E83C46D009A445F /* ProfileViewController.xib in Resources */,
				991C34D91E9646C400FABEDE /* NextButtonCell.xib in Resources */,
				999C40341E9489A60059E870 /* SignUpController.xib in Resources */,
				992DA8D61E8A1EB2002A194C /* FitnessAnalysisController.xib in Resources */,
				99AEA1801E87B240000DA06F /* AddMenuViewController.xib in Resources */,
				999C40411E9497000059E870 /* TitleCell.xib in Resources */,
				9959E8791E8D6CEA005A8347 /* CalendarController.xib in Resources */,
				99CC4CFE1E9AAA6F000EE59E /* ChooseActivesController.xib in Resources */,
				992DA8C11E8A1DA6002A194C /* NutritionViewController.xib in Resources */,
				99BF6F8F1E77F67D00FD743F /* LaunchScreen.storyboard in Resources */,
				99D925231E99E1DB008150EE /* ChooseGoalsController.xib in Resources */,
			);
			runOnlyForDeploymentPostprocessing = 0;
		};
/* End PBXResourcesBuildPhase section */

/* Begin PBXShellScriptBuildPhase section */
		1B717BD9BC13BA7EB1D1D199 /* [CP] Copy Pods Resources */ = {
			isa = PBXShellScriptBuildPhase;
			buildActionMask = 2147483647;
			files = (
			);
			inputPaths = (
			);
			name = "[CP] Copy Pods Resources";
			outputPaths = (
			);
			runOnlyForDeploymentPostprocessing = 0;
			shellPath = /bin/sh;
			shellScript = "\"${SRCROOT}/Pods/Target Support Files/Pods-FoodAndFitness/Pods-FoodAndFitness-resources.sh\"\n";
			showEnvVarsInLog = 0;
		};
		5EF890E459780EAD8B4A1D71 /* [CP] Embed Pods Frameworks */ = {
			isa = PBXShellScriptBuildPhase;
			buildActionMask = 2147483647;
			files = (
			);
			inputPaths = (
			);
			name = "[CP] Embed Pods Frameworks";
			outputPaths = (
			);
			runOnlyForDeploymentPostprocessing = 0;
			shellPath = /bin/sh;
			shellScript = "\"${SRCROOT}/Pods/Target Support Files/Pods-FoodAndFitness/Pods-FoodAndFitness-frameworks.sh\"\n";
			showEnvVarsInLog = 0;
		};
		99BF6F9C1E77FF9200FD743F /* [CP] Check Pods Manifest.lock */ = {
			isa = PBXShellScriptBuildPhase;
			buildActionMask = 2147483647;
			files = (
			);
			inputPaths = (
			);
			name = "[CP] Check Pods Manifest.lock";
			outputPaths = (
			);
			runOnlyForDeploymentPostprocessing = 0;
			shellPath = /bin/sh;
			shellScript = "diff \"${PODS_ROOT}/../Podfile.lock\" \"${PODS_ROOT}/Manifest.lock\" > /dev/null\nif [ $? != 0 ] ; then\n    # print error to STDERR\n    echo \"error: The sandbox is not in sync with the Podfile.lock. Run 'pod install' or update your CocoaPods installation.\" >&2\n    exit 1\nfi\n";
			showEnvVarsInLog = 0;
		};
		99BF6F9D1E77FFCC00FD743F /* SwiftLint */ = {
			isa = PBXShellScriptBuildPhase;
			buildActionMask = 2147483647;
			files = (
			);
			inputPaths = (
			);
			name = SwiftLint;
			outputPaths = (
			);
			runOnlyForDeploymentPostprocessing = 0;
			shellPath = /bin/sh;
			shellScript = "if [[ \"$CI\" == 'true' ]]; then\nexit 0\nfi\n\nif [[ -s \"${PODS_ROOT}/SwiftLint/swiftlint\" ]]; then\necho 'Linting...'\n\"${PODS_ROOT}/SwiftLint/swiftlint\"\nelse\necho 'error: SwiftLint not installed, please read README first.'\nexit 1\nfi\n";
		};
		99BF6F9E1E77FFFC00FD743F /* Warning */ = {
			isa = PBXShellScriptBuildPhase;
			buildActionMask = 2147483647;
			files = (
			);
			inputPaths = (
			);
			name = Warning;
			outputPaths = (
			);
			runOnlyForDeploymentPostprocessing = 0;
			shellPath = /bin/sh;
			shellScript = "KEYWORDS=\"TODO:|FIXME:|WARN:\"\nfind \"${TARGET_NAME}\" \\( -name \"*.h\" -or -name \"*.m\" -or -name \"*.swift\" \\) -print0 | xargs -0 egrep --with-filename --line-number --only-matching \"($KEYWORDS).*\\$\" | perl -p -e \"s/($KEYWORDS)/ warning: \\$1/\"";
		};
/* End PBXShellScriptBuildPhase section */

/* Begin PBXSourcesBuildPhase section */
		99BF6F341E77F41500FD743F /* Sources */ = {
			isa = PBXSourcesBuildPhase;
			buildActionMask = 2147483647;
			files = (
				992DA8DD1E8A1F3B002A194C /* NutritionAnalysisController.swift in Sources */,
				993404F91E83C44E009A445F /* HistoryViewController.swift in Sources */,
				99993E8E1E80B7840052372A /* LeftSideViewController.swift in Sources */,
				999C402F1E94897C0059E870 /* SignInController.swift in Sources */,
				99BF6F8E1E77F67D00FD743F /* UIViewController.swift in Sources */,
				99D925291E99F10E008150EE /* Active.swift in Sources */,
				99AEA17F1E87B240000DA06F /* AddMenuViewController.swift in Sources */,
				99CAFE7D1E9C767D00026CCE /* Optional.swift in Sources */,
				99D925301E99F8F5008150EE /* Exercise.swift in Sources */,
				99BF6F841E77F67D00FD743F /* HomeViewController.swift in Sources */,
				992DA8AF1E8A0EF9002A194C /* BaseViewController.swift in Sources */,
				992DA8D91E8A1F1D002A194C /* FitnessHistoryController.swift in Sources */,
				999C40451E9497160059E870 /* AvatarCell.swift in Sources */,
				99CC4CFD1E9AAA6F000EE59E /* ChooseActivesController.swift in Sources */,
				99D925221E99E1DB008150EE /* ChooseGoalsController.swift in Sources */,
				999C404C1E94AD1C0059E870 /* InputCell.swift in Sources */,
				99BF6F891E77F67D00FD743F /* Colors.swift in Sources */,
				99BF6F981E77F67D00FD743F /* RequestSerializer.swift in Sources */,
				99D925351E99FA26008150EE /* Location.swift in Sources */,
				99D9252E1E99F880008150EE /* Food.swift in Sources */,
				99993E8C1E80B7430052372A /* SideMenuController.swift in Sources */,
				999C40541E94E3400059E870 /* UILabel.swift in Sources */,
				999C40401E9497000059E870 /* TitleCell.swift in Sources */,
				991C34D31E9600D800FABEDE /* ProgressCell.swift in Sources */,
				99BF6F861E77F67D00FD743F /* PaddingTextField.swift in Sources */,
				999C40371E948CEE0059E870 /* Mapper.swift in Sources */,
				99BF6F801E77F67D00FD743F /* AppDelegate.swift in Sources */,
				99501FFA1E8AC5010051227F /* CircleProgressView.swift in Sources */,
				99BF6F901E77F67D00FD743F /* AccessLibraryManager.swift in Sources */,
				991C34D81E9646C400FABEDE /* NextButtonCell.swift in Sources */,
				992DA8AE1E8A0EF9002A194C /* BaseTableViewCell.swift in Sources */,
				999C40561E94E8AD0059E870 /* UITextField.swift in Sources */,
				993405011E83C46D009A445F /* ProfileViewController.swift in Sources */,
				99D925321E99F980008150EE /* Activity.swift in Sources */,
				99AEA17A1E87A9B2000DA06F /* UIView.swift in Sources */,
				99D9253D1E9A0504008150EE /* UserFood.swift in Sources */,
				99BF6F8A1E77F67D00FD743F /* Config.swift in Sources */,
				99BF6F911E77F67D00FD743F /* Cocoa.swift in Sources */,
				992DA8E11E8A1F58002A194C /* NutritionHistoryController.swift in Sources */,
				992DA8C91E8A1DB0002A194C /* AddFitnessViewController.swift in Sources */,
				99BF6F991E77F67D00FD743F /* ResponseSerializer.swift in Sources */,
				99D9253B1E99FE12008150EE /* UserExercise.swift in Sources */,
				993404F11E83C41B009A445F /* AnalysisViewController.swift in Sources */,
				992DA8CF1E8A1DFD002A194C /* AddNutritionViewController.swift in Sources */,
				99BF6F941E77F67D00FD743F /* UserProfile.swift in Sources */,
				99BF6F961E77F67D00FD743F /* ApiMananger.swift in Sources */,
				992DA8C01E8A1DA6002A194C /* NutritionViewController.swift in Sources */,
				992DA8B01E8A0EF9002A194C /* PopupViewController.swift in Sources */,
				9959E8781E8D6CEA005A8347 /* CalendarController.swift in Sources */,
				99BF6F931E77F67D00FD743F /* User.swift in Sources */,
				99BF6F921E77F67D00FD743F /* SwiftDate.swift in Sources */,
				999C40511E94D72F0059E870 /* RadioCell.swift in Sources */,
				992DA8CB1E8A1DB0002A194C /* FitnessViewController.swift in Sources */,
				99BF6F9A1E77F67D00FD743F /* Session.swift in Sources */,
				99CC4D041E9AB05D000EE59E /* ChooseGoalsViewModel.swift in Sources */,
				999C40331E9489A60059E870 /* SignUpController.swift in Sources */,
				99BF6F8C1E77F67D00FD743F /* Strings.swift in Sources */,
				992DA8D51E8A1EB2002A194C /* FitnessAnalysisController.swift in Sources */,
				99D925271E99ED6A008150EE /* Goal.swift in Sources */,
				99CC4D001E9AAD92000EE59E /* ChooseActivesViewModel.swift in Sources */,
				99BF6F971E77F67D00FD743F /* Error.swift in Sources */,
				993404E41E83849D009A445F /* View.swift in Sources */,
				99E80FF61E88FC3C0093F0BF /* Date.swift in Sources */,
				99BF6F881E77F67D00FD743F /* ApiPath.swift in Sources */,
				993404DE1E838306009A445F /* UserProfileCell.swift in Sources */,
				993404FD1E83C45D009A445F /* InformationViewController.swift in Sources */,
				99CC4D021E9AAFAE000EE59E /* SignUpViewModel.swift in Sources */,
				992DA8B11E8A0EF9002A194C /* RootSideMenuViewController.swift in Sources */,
			);
			runOnlyForDeploymentPostprocessing = 0;
		};
/* End PBXSourcesBuildPhase section */

/* Begin XCBuildConfiguration section */
		99BF6F481E77F41500FD743F /* Debug */ = {
			isa = XCBuildConfiguration;
			buildSettings = {
				ALWAYS_SEARCH_USER_PATHS = NO;
				CLANG_ANALYZER_NONNULL = YES;
				CLANG_CXX_LANGUAGE_STANDARD = "gnu++0x";
				CLANG_CXX_LIBRARY = "libc++";
				CLANG_ENABLE_MODULES = YES;
				CLANG_ENABLE_OBJC_ARC = YES;
				CLANG_WARN_BOOL_CONVERSION = YES;
				CLANG_WARN_CONSTANT_CONVERSION = YES;
				CLANG_WARN_DIRECT_OBJC_ISA_USAGE = YES_ERROR;
				CLANG_WARN_DOCUMENTATION_COMMENTS = YES;
				CLANG_WARN_EMPTY_BODY = YES;
				CLANG_WARN_ENUM_CONVERSION = YES;
				CLANG_WARN_INFINITE_RECURSION = YES;
				CLANG_WARN_INT_CONVERSION = YES;
				CLANG_WARN_OBJC_ROOT_CLASS = YES_ERROR;
				CLANG_WARN_SUSPICIOUS_MOVE = YES;
				CLANG_WARN_UNREACHABLE_CODE = YES;
				CLANG_WARN__DUPLICATE_METHOD_MATCH = YES;
				"CODE_SIGN_IDENTITY[sdk=iphoneos*]" = "iPhone Developer";
				COPY_PHASE_STRIP = NO;
				DEBUG_INFORMATION_FORMAT = dwarf;
				ENABLE_STRICT_OBJC_MSGSEND = YES;
				ENABLE_TESTABILITY = YES;
				GCC_C_LANGUAGE_STANDARD = gnu99;
				GCC_DYNAMIC_NO_PIC = NO;
				GCC_NO_COMMON_BLOCKS = YES;
				GCC_OPTIMIZATION_LEVEL = 0;
				GCC_PREPROCESSOR_DEFINITIONS = (
					"DEBUG=1",
					"$(inherited)",
				);
				GCC_WARN_64_TO_32_BIT_CONVERSION = YES;
				GCC_WARN_ABOUT_RETURN_TYPE = YES_ERROR;
				GCC_WARN_UNDECLARED_SELECTOR = YES;
				GCC_WARN_UNINITIALIZED_AUTOS = YES_AGGRESSIVE;
				GCC_WARN_UNUSED_FUNCTION = YES;
				GCC_WARN_UNUSED_VARIABLE = YES;
				MTL_ENABLE_DEBUG_INFO = YES;
				ONLY_ACTIVE_ARCH = YES;
				SDKROOT = iphoneos;
				SWIFT_ACTIVE_COMPILATION_CONDITIONS = DEBUG;
				SWIFT_OPTIMIZATION_LEVEL = "-Onone";
				TARGETED_DEVICE_FAMILY = "1,2";
			};
			name = Debug;
		};
		99BF6F491E77F41500FD743F /* Release */ = {
			isa = XCBuildConfiguration;
			buildSettings = {
				ALWAYS_SEARCH_USER_PATHS = NO;
				CLANG_ANALYZER_NONNULL = YES;
				CLANG_CXX_LANGUAGE_STANDARD = "gnu++0x";
				CLANG_CXX_LIBRARY = "libc++";
				CLANG_ENABLE_MODULES = YES;
				CLANG_ENABLE_OBJC_ARC = YES;
				CLANG_WARN_BOOL_CONVERSION = YES;
				CLANG_WARN_CONSTANT_CONVERSION = YES;
				CLANG_WARN_DIRECT_OBJC_ISA_USAGE = YES_ERROR;
				CLANG_WARN_DOCUMENTATION_COMMENTS = YES;
				CLANG_WARN_EMPTY_BODY = YES;
				CLANG_WARN_ENUM_CONVERSION = YES;
				CLANG_WARN_INFINITE_RECURSION = YES;
				CLANG_WARN_INT_CONVERSION = YES;
				CLANG_WARN_OBJC_ROOT_CLASS = YES_ERROR;
				CLANG_WARN_SUSPICIOUS_MOVE = YES;
				CLANG_WARN_UNREACHABLE_CODE = YES;
				CLANG_WARN__DUPLICATE_METHOD_MATCH = YES;
				"CODE_SIGN_IDENTITY[sdk=iphoneos*]" = "iPhone Developer";
				COPY_PHASE_STRIP = NO;
				DEBUG_INFORMATION_FORMAT = "dwarf-with-dsym";
				ENABLE_NS_ASSERTIONS = NO;
				ENABLE_STRICT_OBJC_MSGSEND = YES;
				GCC_C_LANGUAGE_STANDARD = gnu99;
				GCC_NO_COMMON_BLOCKS = YES;
				GCC_WARN_64_TO_32_BIT_CONVERSION = YES;
				GCC_WARN_ABOUT_RETURN_TYPE = YES_ERROR;
				GCC_WARN_UNDECLARED_SELECTOR = YES;
				GCC_WARN_UNINITIALIZED_AUTOS = YES_AGGRESSIVE;
				GCC_WARN_UNUSED_FUNCTION = YES;
				GCC_WARN_UNUSED_VARIABLE = YES;
				MTL_ENABLE_DEBUG_INFO = NO;
				SDKROOT = iphoneos;
				SWIFT_OPTIMIZATION_LEVEL = "-Owholemodule";
				TARGETED_DEVICE_FAMILY = "1,2";
				VALIDATE_PRODUCT = YES;
			};
			name = Release;
		};
		99BF6F4B1E77F41500FD743F /* Debug */ = {
			isa = XCBuildConfiguration;
			baseConfigurationReference = 55C6C2C4F08C322327521329 /* Pods-FoodAndFitness.debug.xcconfig */;
			buildSettings = {
				ASSETCATALOG_COMPILER_APPICON_NAME = AppIcon;
				DEVELOPMENT_TEAM = W6VWBYHU5C;
				INFOPLIST_FILE = "$(SRCROOT)/FoodAndFitness/Supports/Info.plist";
				IPHONEOS_DEPLOYMENT_TARGET = 9.0;
				LD_RUNPATH_SEARCH_PATHS = "$(inherited) @executable_path/Frameworks";
				OTHER_SWIFT_FLAGS = "$(inherited) \"-D\" \"COCOAPODS\" -Xfrontend -debug-time-function-bodies";
				PRODUCT_BUNDLE_IDENTIFIER = com.suhv.datn.FoodAndFitness;
				PRODUCT_NAME = "$(TARGET_NAME)";
				SWIFT_VERSION = 3.0;
				TARGETED_DEVICE_FAMILY = 1;
			};
			name = Debug;
		};
		99BF6F4C1E77F41500FD743F /* Release */ = {
			isa = XCBuildConfiguration;
			baseConfigurationReference = 414B90741E59EF7A2149478D /* Pods-FoodAndFitness.release.xcconfig */;
			buildSettings = {
				ASSETCATALOG_COMPILER_APPICON_NAME = AppIcon;
				DEVELOPMENT_TEAM = W6VWBYHU5C;
				INFOPLIST_FILE = "$(SRCROOT)/FoodAndFitness/Supports/Info.plist";
				IPHONEOS_DEPLOYMENT_TARGET = 9.0;
				LD_RUNPATH_SEARCH_PATHS = "$(inherited) @executable_path/Frameworks";
				OTHER_SWIFT_FLAGS = "$(inherited) \"-D\" \"COCOAPODS\" -Xfrontend -debug-time-function-bodies";
				PRODUCT_BUNDLE_IDENTIFIER = com.suhv.datn.FoodAndFitness;
				PRODUCT_NAME = "$(TARGET_NAME)";
				SWIFT_VERSION = 3.0;
				TARGETED_DEVICE_FAMILY = 1;
			};
			name = Release;
		};
/* End XCBuildConfiguration section */

/* Begin XCConfigurationList section */
		99BF6F331E77F41500FD743F /* Build configuration list for PBXProject "FoodAndFitness" */ = {
			isa = XCConfigurationList;
			buildConfigurations = (
				99BF6F481E77F41500FD743F /* Debug */,
				99BF6F491E77F41500FD743F /* Release */,
			);
			defaultConfigurationIsVisible = 0;
			defaultConfigurationName = Release;
		};
		99BF6F4A1E77F41500FD743F /* Build configuration list for PBXNativeTarget "FoodAndFitness" */ = {
			isa = XCConfigurationList;
			buildConfigurations = (
				99BF6F4B1E77F41500FD743F /* Debug */,
				99BF6F4C1E77F41500FD743F /* Release */,
			);
			defaultConfigurationIsVisible = 0;
			defaultConfigurationName = Release;
		};
/* End XCConfigurationList section */
	};
	rootObject = 99BF6F301E77F41500FD743F /* Project object */;
}
